// !$*UTF8*$!
{
	archiveVersion = 1;
	classes = {
	};
	objectVersion = 46;
	objects = {

/* Begin PBXBuildFile section */
		BD0F16B31EE6E289006FDF3F /* AppDelegate.swift in Sources */ = {isa = PBXBuildFile; fileRef = BD0F16961EE6E289006FDF3F /* AppDelegate.swift */; };
		BD0F16B41EE6E289006FDF3F /* Date+ConvertStringToDate.swift in Sources */ = {isa = PBXBuildFile; fileRef = BD0F16981EE6E289006FDF3F /* Date+ConvertStringToDate.swift */; };
		BD0F16B51EE6E289006FDF3F /* String+BoundingRect.swift in Sources */ = {isa = PBXBuildFile; fileRef = BD0F16991EE6E289006FDF3F /* String+BoundingRect.swift */; };
		BD0F16B61EE6E289006FDF3F /* UIColor+rgb.swift in Sources */ = {isa = PBXBuildFile; fileRef = BD0F169A1EE6E289006FDF3F /* UIColor+rgb.swift */; };
		BD0F16B71EE6E289006FDF3F /* App.swift in Sources */ = {isa = PBXBuildFile; fileRef = BD0F169C1EE6E289006FDF3F /* App.swift */; };
		BD0F16B81EE6E289006FDF3F /* AppDetailInfo.swift in Sources */ = {isa = PBXBuildFile; fileRef = BD0F169D1EE6E289006FDF3F /* AppDetailInfo.swift */; };
		BD0F16B91EE6E289006FDF3F /* ApiService.swift in Sources */ = {isa = PBXBuildFile; fileRef = BD0F169F1EE6E289006FDF3F /* ApiService.swift */; };
		BD0F16BA1EE6E289006FDF3F /* CustomImageView.swift in Sources */ = {isa = PBXBuildFile; fileRef = BD0F16A11EE6E289006FDF3F /* CustomImageView.swift */; };
		BD0F16BB1EE6E289006FDF3F /* LineView.swift in Sources */ = {isa = PBXBuildFile; fileRef = BD0F16A21EE6E289006FDF3F /* LineView.swift */; };
		BD0F16BC1EE6E289006FDF3F /* UserRatingView.swift in Sources */ = {isa = PBXBuildFile; fileRef = BD0F16A31EE6E289006FDF3F /* UserRatingView.swift */; };
		BD0F16BD1EE6E289006FDF3F /* AppDetailViewController.swift in Sources */ = {isa = PBXBuildFile; fileRef = BD0F16A51EE6E289006FDF3F /* AppDetailViewController.swift */; };
		BD0F16BE1EE6E289006FDF3F /* AppListViewController.swift in Sources */ = {isa = PBXBuildFile; fileRef = BD0F16A61EE6E289006FDF3F /* AppListViewController.swift */; };
		BD0F16D61EE6E304006FDF3F /* AppDetailFooter.swift in Sources */ = {isa = PBXBuildFile; fileRef = BD0F16CC1EE6E304006FDF3F /* AppDetailFooter.swift */; };
		BD0F16D71EE6E304006FDF3F /* AppDetailHeader.swift in Sources */ = {isa = PBXBuildFile; fileRef = BD0F16CD1EE6E304006FDF3F /* AppDetailHeader.swift */; };
		BD0F16D81EE6E304006FDF3F /* ContentViewCell.swift in Sources */ = {isa = PBXBuildFile; fileRef = BD0F16CE1EE6E304006FDF3F /* ContentViewCell.swift */; };
		BD0F16D91EE6E304006FDF3F /* InformationCell.swift in Sources */ = {isa = PBXBuildFile; fileRef = BD0F16CF1EE6E304006FDF3F /* InformationCell.swift */; };
		BD0F16DA1EE6E304006FDF3F /* ScreenshotImageCell.swift in Sources */ = {isa = PBXBuildFile; fileRef = BD0F16D01EE6E304006FDF3F /* ScreenshotImageCell.swift */; };
		BD0F16DB1EE6E304006FDF3F /* ScreenshotsCell.swift in Sources */ = {isa = PBXBuildFile; fileRef = BD0F16D11EE6E304006FDF3F /* ScreenshotsCell.swift */; };
		BD0F16DC1EE6E304006FDF3F /* SelectableCell.swift in Sources */ = {isa = PBXBuildFile; fileRef = BD0F16D21EE6E304006FDF3F /* SelectableCell.swift */; };
		BD0F16DD1EE6E304006FDF3F /* AppListTableViewCell.swift in Sources */ = {isa = PBXBuildFile; fileRef = BD0F16D41EE6E304006FDF3F /* AppListTableViewCell.swift */; };
		BD0F16DE1EE6E304006FDF3F /* CellType.swift in Sources */ = {isa = PBXBuildFile; fileRef = BD0F16D51EE6E304006FDF3F /* CellType.swift */; };
		BDD481F11EE2A770000D5C12 /* Assets.xcassets in Resources */ = {isa = PBXBuildFile; fileRef = BDD481E51EE2A770000D5C12 /* Assets.xcassets */; };
		BDD481F21EE2A770000D5C12 /* LaunchScreen.storyboard in Resources */ = {isa = PBXBuildFile; fileRef = BDD481E61EE2A770000D5C12 /* LaunchScreen.storyboard */; };
		BDD481F31EE2A770000D5C12 /* Main.storyboard in Resources */ = {isa = PBXBuildFile; fileRef = BDD481E81EE2A770000D5C12 /* Main.storyboard */; };
/* End PBXBuildFile section */

/* Begin PBXFileReference section */
		BD0F16961EE6E289006FDF3F /* AppDelegate.swift */ = {isa = PBXFileReference; fileEncoding = 4; lastKnownFileType = sourcecode.swift; path = AppDelegate.swift; sourceTree = "<group>"; };
		BD0F16981EE6E289006FDF3F /* Date+ConvertStringToDate.swift */ = {isa = PBXFileReference; fileEncoding = 4; lastKnownFileType = sourcecode.swift; path = "Date+ConvertStringToDate.swift"; sourceTree = "<group>"; };
		BD0F16991EE6E289006FDF3F /* String+BoundingRect.swift */ = {isa = PBXFileReference; fileEncoding = 4; lastKnownFileType = sourcecode.swift; path = "String+BoundingRect.swift"; sourceTree = "<group>"; };
		BD0F169A1EE6E289006FDF3F /* UIColor+rgb.swift */ = {isa = PBXFileReference; fileEncoding = 4; lastKnownFileType = sourcecode.swift; path = "UIColor+rgb.swift"; sourceTree = "<group>"; };
		BD0F169C1EE6E289006FDF3F /* App.swift */ = {isa = PBXFileReference; fileEncoding = 4; lastKnownFileType = sourcecode.swift; path = App.swift; sourceTree = "<group>"; };
		BD0F169D1EE6E289006FDF3F /* AppDetailInfo.swift */ = {isa = PBXFileReference; fileEncoding = 4; lastKnownFileType = sourcecode.swift; path = AppDetailInfo.swift; sourceTree = "<group>"; };
		BD0F169F1EE6E289006FDF3F /* ApiService.swift */ = {isa = PBXFileReference; fileEncoding = 4; lastKnownFileType = sourcecode.swift; path = ApiService.swift; sourceTree = "<group>"; };
		BD0F16A11EE6E289006FDF3F /* CustomImageView.swift */ = {isa = PBXFileReference; fileEncoding = 4; lastKnownFileType = sourcecode.swift; path = CustomImageView.swift; sourceTree = "<group>"; };
		BD0F16A21EE6E289006FDF3F /* LineView.swift */ = {isa = PBXFileReference; fileEncoding = 4; lastKnownFileType = sourcecode.swift; path = LineView.swift; sourceTree = "<group>"; };
		BD0F16A31EE6E289006FDF3F /* UserRatingView.swift */ = {isa = PBXFileReference; fileEncoding = 4; lastKnownFileType = sourcecode.swift; path = UserRatingView.swift; sourceTree = "<group>"; };
		BD0F16A51EE6E289006FDF3F /* AppDetailViewController.swift */ = {isa = PBXFileReference; fileEncoding = 4; lastKnownFileType = sourcecode.swift; path = AppDetailViewController.swift; sourceTree = "<group>"; };
		BD0F16A61EE6E289006FDF3F /* AppListViewController.swift */ = {isa = PBXFileReference; fileEncoding = 4; lastKnownFileType = sourcecode.swift; path = AppListViewController.swift; sourceTree = "<group>"; };
		BD0F16CC1EE6E304006FDF3F /* AppDetailFooter.swift */ = {isa = PBXFileReference; fileEncoding = 4; lastKnownFileType = sourcecode.swift; path = AppDetailFooter.swift; sourceTree = "<group>"; };
		BD0F16CD1EE6E304006FDF3F /* AppDetailHeader.swift */ = {isa = PBXFileReference; fileEncoding = 4; lastKnownFileType = sourcecode.swift; path = AppDetailHeader.swift; sourceTree = "<group>"; };
		BD0F16CE1EE6E304006FDF3F /* ContentViewCell.swift */ = {isa = PBXFileReference; fileEncoding = 4; lastKnownFileType = sourcecode.swift; path = ContentViewCell.swift; sourceTree = "<group>"; };
		BD0F16CF1EE6E304006FDF3F /* InformationCell.swift */ = {isa = PBXFileReference; fileEncoding = 4; lastKnownFileType = sourcecode.swift; path = InformationCell.swift; sourceTree = "<group>"; };
		BD0F16D01EE6E304006FDF3F /* ScreenshotImageCell.swift */ = {isa = PBXFileReference; fileEncoding = 4; lastKnownFileType = sourcecode.swift; path = ScreenshotImageCell.swift; sourceTree = "<group>"; };
		BD0F16D11EE6E304006FDF3F /* ScreenshotsCell.swift */ = {isa = PBXFileReference; fileEncoding = 4; lastKnownFileType = sourcecode.swift; path = ScreenshotsCell.swift; sourceTree = "<group>"; };
		BD0F16D21EE6E304006FDF3F /* SelectableCell.swift */ = {isa = PBXFileReference; fileEncoding = 4; lastKnownFileType = sourcecode.swift; path = SelectableCell.swift; sourceTree = "<group>"; };
		BD0F16D41EE6E304006FDF3F /* AppListTableViewCell.swift */ = {isa = PBXFileReference; fileEncoding = 4; lastKnownFileType = sourcecode.swift; path = AppListTableViewCell.swift; sourceTree = "<group>"; };
		BD0F16D51EE6E304006FDF3F /* CellType.swift */ = {isa = PBXFileReference; fileEncoding = 4; lastKnownFileType = sourcecode.swift; path = CellType.swift; sourceTree = "<group>"; };
		BDD481C61EE24893000D5C12 /* KAppStore.app */ = {isa = PBXFileReference; explicitFileType = wrapper.application; includeInIndex = 0; path = KAppStore.app; sourceTree = BUILT_PRODUCTS_DIR; };
		BDD481E51EE2A770000D5C12 /* Assets.xcassets */ = {isa = PBXFileReference; lastKnownFileType = folder.assetcatalog; path = Assets.xcassets; sourceTree = "<group>"; };
		BDD481E71EE2A770000D5C12 /* Base */ = {isa = PBXFileReference; lastKnownFileType = file.storyboard; name = Base; path = Base.lproj/LaunchScreen.storyboard; sourceTree = "<group>"; };
		BDD481E91EE2A770000D5C12 /* Base */ = {isa = PBXFileReference; lastKnownFileType = file.storyboard; name = Base; path = Base.lproj/Main.storyboard; sourceTree = "<group>"; };
		BDD481EE1EE2A770000D5C12 /* Info.plist */ = {isa = PBXFileReference; fileEncoding = 4; lastKnownFileType = text.plist.xml; path = Info.plist; sourceTree = "<group>"; };
/* End PBXFileReference section */

/* Begin PBXFrameworksBuildPhase section */
		BDD481C31EE24893000D5C12 /* Frameworks */ = {
			isa = PBXFrameworksBuildPhase;
			buildActionMask = 2147483647;
			files = (
			);
			runOnlyForDeploymentPostprocessing = 0;
		};
/* End PBXFrameworksBuildPhase section */

/* Begin PBXGroup section */
		BD0F16951EE6E289006FDF3F /* Sources */ = {
			isa = PBXGroup;
			children = (
				BD0F16961EE6E289006FDF3F /* AppDelegate.swift */,
				BD0F169B1EE6E289006FDF3F /* Models */,
				BD0F16A41EE6E289006FDF3F /* ViewControllers */,
				BD0F16CA1EE6E304006FDF3F /* Views */,
				BD0F169E1EE6E289006FDF3F /* Services */,
				BD0F16971EE6E289006FDF3F /* Extensions */,
				BD0F16A01EE6E289006FDF3F /* Utils */,
			);
			path = Sources;
			sourceTree = "<group>";
		};
		BD0F16971EE6E289006FDF3F /* Extensions */ = {
			isa = PBXGroup;
			children = (
				BD0F16981EE6E289006FDF3F /* Date+ConvertStringToDate.swift */,
				BD0F16991EE6E289006FDF3F /* String+BoundingRect.swift */,
				BD0F169A1EE6E289006FDF3F /* UIColor+rgb.swift */,
			);
			path = Extensions;
			sourceTree = "<group>";
		};
		BD0F169B1EE6E289006FDF3F /* Models */ = {
			isa = PBXGroup;
			children = (
				BD0F169C1EE6E289006FDF3F /* App.swift */,
				BD0F169D1EE6E289006FDF3F /* AppDetailInfo.swift */,
			);
			path = Models;
			sourceTree = "<group>";
		};
		BD0F169E1EE6E289006FDF3F /* Services */ = {
			isa = PBXGroup;
			children = (
				BD0F169F1EE6E289006FDF3F /* ApiService.swift */,
			);
			path = Services;
			sourceTree = "<group>";
		};
		BD0F16A01EE6E289006FDF3F /* Utils */ = {
			isa = PBXGroup;
			children = (
				BD0F16A11EE6E289006FDF3F /* CustomImageView.swift */,
				BD0F16A21EE6E289006FDF3F /* LineView.swift */,
				BD0F16A31EE6E289006FDF3F /* UserRatingView.swift */,
			);
			path = Utils;
			sourceTree = "<group>";
		};
		BD0F16A41EE6E289006FDF3F /* ViewControllers */ = {
			isa = PBXGroup;
			children = (
				BD0F16A51EE6E289006FDF3F /* AppDetailViewController.swift */,
				BD0F16A61EE6E289006FDF3F /* AppListViewController.swift */,
			);
			path = ViewControllers;
			sourceTree = "<group>";
		};
		BD0F16CA1EE6E304006FDF3F /* Views */ = {
			isa = PBXGroup;
			children = (
				BD0F16D31EE6E304006FDF3F /* AppListView */,
				BD0F16CB1EE6E304006FDF3F /* AppDetailView */,
				BD0F16D51EE6E304006FDF3F /* CellType.swift */,
			);
			name = Views;
			path = Models/Views;
			sourceTree = "<group>";
		};
		BD0F16CB1EE6E304006FDF3F /* AppDetailView */ = {
			isa = PBXGroup;
			children = (
				BD0F16CD1EE6E304006FDF3F /* AppDetailHeader.swift */,
				BD0F16CC1EE6E304006FDF3F /* AppDetailFooter.swift */,
				BD0F16CE1EE6E304006FDF3F /* ContentViewCell.swift */,
				BD0F16CF1EE6E304006FDF3F /* InformationCell.swift */,
				BD0F16D11EE6E304006FDF3F /* ScreenshotsCell.swift */,
				BD0F16D01EE6E304006FDF3F /* ScreenshotImageCell.swift */,
				BD0F16D21EE6E304006FDF3F /* SelectableCell.swift */,
			);
			path = AppDetailView;
			sourceTree = "<group>";
		};
		BD0F16D31EE6E304006FDF3F /* AppListView */ = {
			isa = PBXGroup;
			children = (
				BD0F16D41EE6E304006FDF3F /* AppListTableViewCell.swift */,
			);
			path = AppListView;
			sourceTree = "<group>";
		};
		BDD481BD1EE24893000D5C12 = {
			isa = PBXGroup;
			children = (
				BDD481E11EE2A770000D5C12 /* KAppStore */,
				BDD481C71EE24893000D5C12 /* Products */,
			);
			sourceTree = "<group>";
		};
		BDD481C71EE24893000D5C12 /* Products */ = {
			isa = PBXGroup;
			children = (
				BDD481C61EE24893000D5C12 /* KAppStore.app */,
			);
			name = Products;
			sourceTree = "<group>";
		};
		BDD481E11EE2A770000D5C12 /* KAppStore */ = {
			isa = PBXGroup;
			children = (
				BD0F16951EE6E289006FDF3F /* Sources */,
				BDD481E21EE2A770000D5C12 /* Resources */,
				BDD481ED1EE2A770000D5C12 /* Supporting Files */,
			);
			path = KAppStore;
			sourceTree = "<group>";
		};
		BDD481E21EE2A770000D5C12 /* Resources */ = {
			isa = PBXGroup;
			children = (
				BDD481E51EE2A770000D5C12 /* Assets.xcassets */,
				BDD481E61EE2A770000D5C12 /* LaunchScreen.storyboard */,
				BDD481E81EE2A770000D5C12 /* Main.storyboard */,
			);
			path = Resources;
			sourceTree = "<group>";
		};
		BDD481ED1EE2A770000D5C12 /* Supporting Files */ = {
			isa = PBXGroup;
			children = (
				BDD481EE1EE2A770000D5C12 /* Info.plist */,
			);
			path = "Supporting Files";
			sourceTree = "<group>";
		};
/* End PBXGroup section */

/* Begin PBXNativeTarget section */
		BDD481C51EE24893000D5C12 /* KAppStore */ = {
			isa = PBXNativeTarget;
			buildConfigurationList = BDD481D81EE24893000D5C12 /* Build configuration list for PBXNativeTarget "KAppStore" */;
			buildPhases = (
				BDD481C21EE24893000D5C12 /* Sources */,
				BDD481C31EE24893000D5C12 /* Frameworks */,
				BDD481C41EE24893000D5C12 /* Resources */,
			);
			buildRules = (
			);
			dependencies = (
			);
			name = KAppStore;
			productName = KAppStore;
			productReference = BDD481C61EE24893000D5C12 /* KAppStore.app */;
			productType = "com.apple.product-type.application";
		};
/* End PBXNativeTarget section */

/* Begin PBXProject section */
		BDD481BE1EE24893000D5C12 /* Project object */ = {
			isa = PBXProject;
			attributes = {
				LastSwiftUpdateCheck = 0820;
				LastUpgradeCheck = 0820;
				ORGANIZATIONNAME = "Taedong Kim";
				TargetAttributes = {
					BDD481C51EE24893000D5C12 = {
						CreatedOnToolsVersion = 8.2.1;
						ProvisioningStyle = Automatic;
					};
				};
			};
			buildConfigurationList = BDD481C11EE24893000D5C12 /* Build configuration list for PBXProject "KAppStore" */;
			compatibilityVersion = "Xcode 3.2";
			developmentRegion = English;
			hasScannedForEncodings = 0;
			knownRegions = (
				en,
				Base,
			);
			mainGroup = BDD481BD1EE24893000D5C12;
			productRefGroup = BDD481C71EE24893000D5C12 /* Products */;
			projectDirPath = "";
			projectRoot = "";
			targets = (
				BDD481C51EE24893000D5C12 /* KAppStore */,
			);
		};
/* End PBXProject section */

/* Begin PBXResourcesBuildPhase section */
		BDD481C41EE24893000D5C12 /* Resources */ = {
			isa = PBXResourcesBuildPhase;
			buildActionMask = 2147483647;
			files = (
				BDD481F31EE2A770000D5C12 /* Main.storyboard in Resources */,
				BDD481F21EE2A770000D5C12 /* LaunchScreen.storyboard in Resources */,
				BDD481F11EE2A770000D5C12 /* Assets.xcassets in Resources */,
			);
			runOnlyForDeploymentPostprocessing = 0;
		};
/* End PBXResourcesBuildPhase section */

/* Begin PBXSourcesBuildPhase section */
		BDD481C21EE24893000D5C12 /* Sources */ = {
			isa = PBXSourcesBuildPhase;
			buildActionMask = 2147483647;
			files = (
				BD0F16B31EE6E289006FDF3F /* AppDelegate.swift in Sources */,
				BD0F16DD1EE6E304006FDF3F /* AppListTableViewCell.swift in Sources */,
				BD0F16BA1EE6E289006FDF3F /* CustomImageView.swift in Sources */,
				BD0F16DC1EE6E304006FDF3F /* SelectableCell.swift in Sources */,
				BD0F16DE1EE6E304006FDF3F /* CellType.swift in Sources */,
				BD0F16BE1EE6E289006FDF3F /* AppListViewController.swift in Sources */,
				BD0F16B51EE6E289006FDF3F /* String+BoundingRect.swift in Sources */,
				BD0F16B81EE6E289006FDF3F /* AppDetailInfo.swift in Sources */,
				BD0F16D81EE6E304006FDF3F /* ContentViewCell.swift in Sources */,
				BD0F16D91EE6E304006FDF3F /* InformationCell.swift in Sources */,
				BD0F16B41EE6E289006FDF3F /* Date+ConvertStringToDate.swift in Sources */,
				BD0F16BB1EE6E289006FDF3F /* LineView.swift in Sources */,
				BD0F16D71EE6E304006FDF3F /* AppDetailHeader.swift in Sources */,
				BD0F16B71EE6E289006FDF3F /* App.swift in Sources */,
				BD0F16DB1EE6E304006FDF3F /* ScreenshotsCell.swift in Sources */,
				BD0F16BD1EE6E289006FDF3F /* AppDetailViewController.swift in Sources */,
				BD0F16B91EE6E289006FDF3F /* ApiService.swift in Sources */,
				BD0F16DA1EE6E304006FDF3F /* ScreenshotImageCell.swift in Sources */,
				BD0F16D61EE6E304006FDF3F /* AppDetailFooter.swift in Sources */,
				BD0F16BC1EE6E289006FDF3F /* UserRatingView.swift in Sources */,
				BD0F16B61EE6E289006FDF3F /* UIColor+rgb.swift in Sources */,
			);
			runOnlyForDeploymentPostprocessing = 0;
		};
/* End PBXSourcesBuildPhase section */

/* Begin PBXVariantGroup section */
		BDD481E61EE2A770000D5C12 /* LaunchScreen.storyboard */ = {
			isa = PBXVariantGroup;
			children = (
				BDD481E71EE2A770000D5C12 /* Base */,
			);
			name = LaunchScreen.storyboard;
			sourceTree = "<group>";
		};
		BDD481E81EE2A770000D5C12 /* Main.storyboard */ = {
			isa = PBXVariantGroup;
			children = (
				BDD481E91EE2A770000D5C12 /* Base */,
			);
			name = Main.storyboard;
			sourceTree = "<group>";
		};
/* End PBXVariantGroup section */

/* Begin XCBuildConfiguration section */
		BDD481D61EE24893000D5C12 /* Debug */ = {
			isa = XCBuildConfiguration;
			buildSettings = {
				ALWAYS_SEARCH_USER_PATHS = NO;
				CLANG_ANALYZER_NONNULL = YES;
				CLANG_CXX_LANGUAGE_STANDARD = "gnu++0x";
				CLANG_CXX_LIBRARY = "libc++";
				CLANG_ENABLE_MODULES = YES;
				CLANG_ENABLE_OBJC_ARC = YES;
				CLANG_WARN_BOOL_CONVERSION = YES;
				CLANG_WARN_CONSTANT_CONVERSION = YES;
				CLANG_WARN_DIRECT_OBJC_ISA_USAGE = YES_ERROR;
				CLANG_WARN_DOCUMENTATION_COMMENTS = YES;
				CLANG_WARN_EMPTY_BODY = YES;
				CLANG_WARN_ENUM_CONVERSION = YES;
				CLANG_WARN_INFINITE_RECURSION = YES;
				CLANG_WARN_INT_CONVERSION = YES;
				CLANG_WARN_OBJC_ROOT_CLASS = YES_ERROR;
				CLANG_WARN_SUSPICIOUS_MOVE = YES;
				CLANG_WARN_UNREACHABLE_CODE = YES;
				CLANG_WARN__DUPLICATE_METHOD_MATCH = YES;
				"CODE_SIGN_IDENTITY[sdk=iphoneos*]" = "iPhone Developer";
				COPY_PHASE_STRIP = NO;
				DEBUG_INFORMATION_FORMAT = dwarf;
				ENABLE_STRICT_OBJC_MSGSEND = YES;
				ENABLE_TESTABILITY = YES;
				GCC_C_LANGUAGE_STANDARD = gnu99;
				GCC_DYNAMIC_NO_PIC = NO;
				GCC_NO_COMMON_BLOCKS = YES;
				GCC_OPTIMIZATION_LEVEL = 0;
				GCC_PREPROCESSOR_DEFINITIONS = (
					"DEBUG=1",
					"$(inherited)",
				);
				GCC_WARN_64_TO_32_BIT_CONVERSION = YES;
				GCC_WARN_ABOUT_RETURN_TYPE = YES_ERROR;
				GCC_WARN_UNDECLARED_SELECTOR = YES;
				GCC_WARN_UNINITIALIZED_AUTOS = YES_AGGRESSIVE;
				GCC_WARN_UNUSED_FUNCTION = YES;
				GCC_WARN_UNUSED_VARIABLE = YES;
				IPHONEOS_DEPLOYMENT_TARGET = 10.2;
				MTL_ENABLE_DEBUG_INFO = YES;
				ONLY_ACTIVE_ARCH = YES;
				SDKROOT = iphoneos;
				SWIFT_ACTIVE_COMPILATION_CONDITIONS = DEBUG;
				SWIFT_OPTIMIZATION_LEVEL = "-Onone";
			};
			name = Debug;
		};
		BDD481D71EE24893000D5C12 /* Release */ = {
			isa = XCBuildConfiguration;
			buildSettings = {
				ALWAYS_SEARCH_USER_PATHS = NO;
				CLANG_ANALYZER_NONNULL = YES;
				CLANG_CXX_LANGUAGE_STANDARD = "gnu++0x";
				CLANG_CXX_LIBRARY = "libc++";
				CLANG_ENABLE_MODULES = YES;
				CLANG_ENABLE_OBJC_ARC = YES;
				CLANG_WARN_BOOL_CONVERSION = YES;
				CLANG_WARN_CONSTANT_CONVERSION = YES;
				CLANG_WARN_DIRECT_OBJC_ISA_USAGE = YES_ERROR;
				CLANG_WARN_DOCUMENTATION_COMMENTS = YES;
				CLANG_WARN_EMPTY_BODY = YES;
				CLANG_WARN_ENUM_CONVERSION = YES;
				CLANG_WARN_INFINITE_RECURSION = YES;
				CLANG_WARN_INT_CONVERSION = YES;
				CLANG_WARN_OBJC_ROOT_CLASS = YES_ERROR;
				CLANG_WARN_SUSPICIOUS_MOVE = YES;
				CLANG_WARN_UNREACHABLE_CODE = YES;
				CLANG_WARN__DUPLICATE_METHOD_MATCH = YES;
				"CODE_SIGN_IDENTITY[sdk=iphoneos*]" = "iPhone Developer";
				COPY_PHASE_STRIP = NO;
				DEBUG_INFORMATION_FORMAT = "dwarf-with-dsym";
				ENABLE_NS_ASSERTIONS = NO;
				ENABLE_STRICT_OBJC_MSGSEND = YES;
				GCC_C_LANGUAGE_STANDARD = gnu99;
				GCC_NO_COMMON_BLOCKS = YES;
				GCC_WARN_64_TO_32_BIT_CONVERSION = YES;
				GCC_WARN_ABOUT_RETURN_TYPE = YES_ERROR;
				GCC_WARN_UNDECLARED_SELECTOR = YES;
				GCC_WARN_UNINITIALIZED_AUTOS = YES_AGGRESSIVE;
				GCC_WARN_UNUSED_FUNCTION = YES;
				GCC_WARN_UNUSED_VARIABLE = YES;
				IPHONEOS_DEPLOYMENT_TARGET = 10.2;
				MTL_ENABLE_DEBUG_INFO = NO;
				SDKROOT = iphoneos;
				SWIFT_OPTIMIZATION_LEVEL = "-Owholemodule";
				VALIDATE_PRODUCT = YES;
			};
			name = Release;
		};
		BDD481D91EE24893000D5C12 /* Debug */ = {
			isa = XCBuildConfiguration;
			buildSettings = {
				ASSETCATALOG_COMPILER_APPICON_NAME = AppIcon;
				INFOPLIST_FILE = "$(SRCROOT)/KAppStore/Supporting Files/Info.plist";
				LD_RUNPATH_SEARCH_PATHS = "$(inherited) @executable_path/Frameworks";
				PRODUCT_BUNDLE_IDENTIFIER = com.aney00.KAppStore;
				PRODUCT_NAME = "$(TARGET_NAME)";
				SWIFT_VERSION = 3.0;
			};
			name = Debug;
		};
		BDD481DA1EE24893000D5C12 /* Release */ = {
			isa = XCBuildConfiguration;
			buildSettings = {
				ASSETCATALOG_COMPILER_APPICON_NAME = AppIcon;
				INFOPLIST_FILE = "$(SRCROOT)/KAppStore/Supporting Files/Info.plist";
				LD_RUNPATH_SEARCH_PATHS = "$(inherited) @executable_path/Frameworks";
				PRODUCT_BUNDLE_IDENTIFIER = com.aney00.KAppStore;
				PRODUCT_NAME = "$(TARGET_NAME)";
				SWIFT_VERSION = 3.0;
			};
			name = Release;
		};
/* End XCBuildConfiguration section */

/* Begin XCConfigurationList section */
		BDD481C11EE24893000D5C12 /* Build configuration list for PBXProject "KAppStore" */ = {
			isa = XCConfigurationList;
			buildConfigurations = (
				BDD481D61EE24893000D5C12 /* Debug */,
				BDD481D71EE24893000D5C12 /* Release */,
			);
			defaultConfigurationIsVisible = 0;
			defaultConfigurationName = Release;
		};
		BDD481D81EE24893000D5C12 /* Build configuration list for PBXNativeTarget "KAppStore" */ = {
			isa = XCConfigurationList;
			buildConfigurations = (
				BDD481D91EE24893000D5C12 /* Debug */,
				BDD481DA1EE24893000D5C12 /* Release */,
			);
			defaultConfigurationIsVisible = 0;
			defaultConfigurationName = Release;
		};
/* End XCConfigurationList section */
	};
	rootObject = BDD481BE1EE24893000D5C12 /* Project object */;
}
