// !$*UTF8*$!
{
	archiveVersion = 1;
	classes = {
	};
	objectVersion = 46;
	objects = {

/* Begin PBXBuildFile section */
		BDD481CA1EE24893000D5C12 /* AppDelegate.swift in Sources */ = {isa = PBXBuildFile; fileRef = BDD481C91EE24893000D5C12 /* AppDelegate.swift */; };
		BDD481CC1EE24893000D5C12 /* ViewController.swift in Sources */ = {isa = PBXBuildFile; fileRef = BDD481CB1EE24893000D5C12 /* ViewController.swift */; };
		BDD481CF1EE24893000D5C12 /* Main.storyboard in Resources */ = {isa = PBXBuildFile; fileRef = BDD481CD1EE24893000D5C12 /* Main.storyboard */; };
		BDD481D11EE24893000D5C12 /* Assets.xcassets in Resources */ = {isa = PBXBuildFile; fileRef = BDD481D01EE24893000D5C12 /* Assets.xcassets */; };
		BDD481D41EE24893000D5C12 /* LaunchScreen.storyboard in Resources */ = {isa = PBXBuildFile; fileRef = BDD481D21EE24893000D5C12 /* LaunchScreen.storyboard */; };
/* End PBXBuildFile section */

/* Begin PBXFileReference section */
		BDD481C61EE24893000D5C12 /* KAppStore.app */ = {isa = PBXFileReference; explicitFileType = wrapper.application; includeInIndex = 0; path = KAppStore.app; sourceTree = BUILT_PRODUCTS_DIR; };
		BDD481C91EE24893000D5C12 /* AppDelegate.swift */ = {isa = PBXFileReference; lastKnownFileType = sourcecode.swift; path = AppDelegate.swift; sourceTree = "<group>"; };
		BDD481CB1EE24893000D5C12 /* ViewController.swift */ = {isa = PBXFileReference; lastKnownFileType = sourcecode.swift; path = ViewController.swift; sourceTree = "<group>"; };
		BDD481CE1EE24893000D5C12 /* Base */ = {isa = PBXFileReference; lastKnownFileType = file.storyboard; name = Base; path = Base.lproj/Main.storyboard; sourceTree = "<group>"; };
		BDD481D01EE24893000D5C12 /* Assets.xcassets */ = {isa = PBXFileReference; lastKnownFileType = folder.assetcatalog; path = Assets.xcassets; sourceTree = "<group>"; };
		BDD481D31EE24893000D5C12 /* Base */ = {isa = PBXFileReference; lastKnownFileType = file.storyboard; name = Base; path = Base.lproj/LaunchScreen.storyboard; sourceTree = "<group>"; };
		BDD481D51EE24893000D5C12 /* Info.plist */ = {isa = PBXFileReference; lastKnownFileType = text.plist.xml; path = Info.plist; sourceTree = "<group>"; };
/* End PBXFileReference section */

/* Begin PBXFrameworksBuildPhase section */
		BDD481C31EE24893000D5C12 /* Frameworks */ = {
			isa = PBXFrameworksBuildPhase;
			buildActionMask = 2147483647;
			files = (
			);
			runOnlyForDeploymentPostprocessing = 0;
		};
/* End PBXFrameworksBuildPhase section */

/* Begin PBXGroup section */
		BDD481BD1EE24893000D5C12 = {
			isa = PBXGroup;
			children = (
				BDD481C81EE24893000D5C12 /* KAppStore */,
				BDD481C71EE24893000D5C12 /* Products */,
			);
			sourceTree = "<group>";
		};
		BDD481C71EE24893000D5C12 /* Products */ = {
			isa = PBXGroup;
			children = (
				BDD481C61EE24893000D5C12 /* KAppStore.app */,
			);
			name = Products;
			sourceTree = "<group>";
		};
		BDD481C81EE24893000D5C12 /* KAppStore */ = {
			isa = PBXGroup;
			children = (
				BDD481C91EE24893000D5C12 /* AppDelegate.swift */,
				BDD481CB1EE24893000D5C12 /* ViewController.swift */,
				BDD481CD1EE24893000D5C12 /* Main.storyboard */,
				BDD481D01EE24893000D5C12 /* Assets.xcassets */,
				BDD481D21EE24893000D5C12 /* LaunchScreen.storyboard */,
				BDD481D51EE24893000D5C12 /* Info.plist */,
			);
			path = KAppStore;
			sourceTree = "<group>";
		};
/* End PBXGroup section */

/* Begin PBXNativeTarget section */
		BDD481C51EE24893000D5C12 /* KAppStore */ = {
			isa = PBXNativeTarget;
			buildConfigurationList = BDD481D81EE24893000D5C12 /* Build configuration list for PBXNativeTarget "KAppStore" */;
			buildPhases = (
				BDD481C21EE24893000D5C12 /* Sources */,
				BDD481C31EE24893000D5C12 /* Frameworks */,
				BDD481C41EE24893000D5C12 /* Resources */,
			);
			buildRules = (
			);
			dependencies = (
			);
			name = KAppStore;
			productName = KAppStore;
			productReference = BDD481C61EE24893000D5C12 /* KAppStore.app */;
			productType = "com.apple.product-type.application";
		};
/* End PBXNativeTarget section */

/* Begin PBXProject section */
		BDD481BE1EE24893000D5C12 /* Project object */ = {
			isa = PBXProject;
			attributes = {
				LastSwiftUpdateCheck = 0820;
				LastUpgradeCheck = 0820;
				ORGANIZATIONNAME = "Taedong Kim";
				TargetAttributes = {
					BDD481C51EE24893000D5C12 = {
						CreatedOnToolsVersion = 8.2.1;
						ProvisioningStyle = Automatic;
					};
				};
			};
			buildConfigurationList = BDD481C11EE24893000D5C12 /* Build configuration list for PBXProject "KAppStore" */;
			compatibilityVersion = "Xcode 3.2";
			developmentRegion = English;
			hasScannedForEncodings = 0;
			knownRegions = (
				en,
				Base,
			);
			mainGroup = BDD481BD1EE24893000D5C12;
			productRefGroup = BDD481C71EE24893000D5C12 /* Products */;
			projectDirPath = "";
			projectRoot = "";
			targets = (
				BDD481C51EE24893000D5C12 /* KAppStore */,
			);
		};
/* End PBXProject section */

/* Begin PBXResourcesBuildPhase section */
		BDD481C41EE24893000D5C12 /* Resources */ = {
			isa = PBXResourcesBuildPhase;
			buildActionMask = 2147483647;
			files = (
				BDD481D41EE24893000D5C12 /* LaunchScreen.storyboard in Resources */,
				BDD481D11EE24893000D5C12 /* Assets.xcassets in Resources */,
				BDD481CF1EE24893000D5C12 /* Main.storyboard in Resources */,
			);
			runOnlyForDeploymentPostprocessing = 0;
		};
/* End PBXResourcesBuildPhase section */

/* Begin PBXSourcesBuildPhase section */
		BDD481C21EE24893000D5C12 /* Sources */ = {
			isa = PBXSourcesBuildPhase;
			buildActionMask = 2147483647;
			files = (
				BDD481CC1EE24893000D5C12 /* ViewController.swift in Sources */,
				BDD481CA1EE24893000D5C12 /* AppDelegate.swift in Sources */,
			);
			runOnlyForDeploymentPostprocessing = 0;
		};
/* End PBXSourcesBuildPhase section */

/* Begin PBXVariantGroup section */
		BDD481CD1EE24893000D5C12 /* Main.storyboard */ = {
			isa = PBXVariantGroup;
			children = (
				BDD481CE1EE24893000D5C12 /* Base */,
			);
			name = Main.storyboard;
			sourceTree = "<group>";
		};
		BDD481D21EE24893000D5C12 /* LaunchScreen.storyboard */ = {
			isa = PBXVariantGroup;
			children = (
				BDD481D31EE24893000D5C12 /* Base */,
			);
			name = LaunchScreen.storyboard;
			sourceTree = "<group>";
		};
/* End PBXVariantGroup section */

/* Begin XCBuildConfiguration section */
		BDD481D61EE24893000D5C12 /* Debug */ = {
			isa = XCBuildConfiguration;
			buildSettings = {
				ALWAYS_SEARCH_USER_PATHS = NO;
				CLANG_ANALYZER_NONNULL = YES;
				CLANG_CXX_LANGUAGE_STANDARD = "gnu++0x";
				CLANG_CXX_LIBRARY = "libc++";
				CLANG_ENABLE_MODULES = YES;
				CLANG_ENABLE_OBJC_ARC = YES;
				CLANG_WARN_BOOL_CONVERSION = YES;
				CLANG_WARN_CONSTANT_CONVERSION = YES;
				CLANG_WARN_DIRECT_OBJC_ISA_USAGE = YES_ERROR;
				CLANG_WARN_DOCUMENTATION_COMMENTS = YES;
				CLANG_WARN_EMPTY_BODY = YES;
				CLANG_WARN_ENUM_CONVERSION = YES;
				CLANG_WARN_INFINITE_RECURSION = YES;
				CLANG_WARN_INT_CONVERSION = YES;
				CLANG_WARN_OBJC_ROOT_CLASS = YES_ERROR;
				CLANG_WARN_SUSPICIOUS_MOVE = YES;
				CLANG_WARN_UNREACHABLE_CODE = YES;
				CLANG_WARN__DUPLICATE_METHOD_MATCH = YES;
				"CODE_SIGN_IDENTITY[sdk=iphoneos*]" = "iPhone Developer";
				COPY_PHASE_STRIP = NO;
				DEBUG_INFORMATION_FORMAT = dwarf;
				ENABLE_STRICT_OBJC_MSGSEND = YES;
				ENABLE_TESTABILITY = YES;
				GCC_C_LANGUAGE_STANDARD = gnu99;
				GCC_DYNAMIC_NO_PIC = NO;
				GCC_NO_COMMON_BLOCKS = YES;
				GCC_OPTIMIZATION_LEVEL = 0;
				GCC_PREPROCESSOR_DEFINITIONS = (
					"DEBUG=1",
					"$(inherited)",
				);
				GCC_WARN_64_TO_32_BIT_CONVERSION = YES;
				GCC_WARN_ABOUT_RETURN_TYPE = YES_ERROR;
				GCC_WARN_UNDECLARED_SELECTOR = YES;
				GCC_WARN_UNINITIALIZED_AUTOS = YES_AGGRESSIVE;
				GCC_WARN_UNUSED_FUNCTION = YES;
				GCC_WARN_UNUSED_VARIABLE = YES;
				IPHONEOS_DEPLOYMENT_TARGET = 10.2;
				MTL_ENABLE_DEBUG_INFO = YES;
				ONLY_ACTIVE_ARCH = YES;
				SDKROOT = iphoneos;
				SWIFT_ACTIVE_COMPILATION_CONDITIONS = DEBUG;
				SWIFT_OPTIMIZATION_LEVEL = "-Onone";
			};
			name = Debug;
		};
		BDD481D71EE24893000D5C12 /* Release */ = {
			isa = XCBuildConfiguration;
			buildSettings = {
				ALWAYS_SEARCH_USER_PATHS = NO;
				CLANG_ANALYZER_NONNULL = YES;
				CLANG_CXX_LANGUAGE_STANDARD = "gnu++0x";
				CLANG_CXX_LIBRARY = "libc++";
				CLANG_ENABLE_MODULES = YES;
				CLANG_ENABLE_OBJC_ARC = YES;
				CLANG_WARN_BOOL_CONVERSION = YES;
				CLANG_WARN_CONSTANT_CONVERSION = YES;
				CLANG_WARN_DIRECT_OBJC_ISA_USAGE = YES_ERROR;
				CLANG_WARN_DOCUMENTATION_COMMENTS = YES;
				CLANG_WARN_EMPTY_BODY = YES;
				CLANG_WARN_ENUM_CONVERSION = YES;
				CLANG_WARN_INFINITE_RECURSION = YES;
				CLANG_WARN_INT_CONVERSION = YES;
				CLANG_WARN_OBJC_ROOT_CLASS = YES_ERROR;
				CLANG_WARN_SUSPICIOUS_MOVE = YES;
				CLANG_WARN_UNREACHABLE_CODE = YES;
				CLANG_WARN__DUPLICATE_METHOD_MATCH = YES;
				"CODE_SIGN_IDENTITY[sdk=iphoneos*]" = "iPhone Developer";
				COPY_PHASE_STRIP = NO;
				DEBUG_INFORMATION_FORMAT = "dwarf-with-dsym";
				ENABLE_NS_ASSERTIONS = NO;
				ENABLE_STRICT_OBJC_MSGSEND = YES;
				GCC_C_LANGUAGE_STANDARD = gnu99;
				GCC_NO_COMMON_BLOCKS = YES;
				GCC_WARN_64_TO_32_BIT_CONVERSION = YES;
				GCC_WARN_ABOUT_RETURN_TYPE = YES_ERROR;
				GCC_WARN_UNDECLARED_SELECTOR = YES;
				GCC_WARN_UNINITIALIZED_AUTOS = YES_AGGRESSIVE;
				GCC_WARN_UNUSED_FUNCTION = YES;
				GCC_WARN_UNUSED_VARIABLE = YES;
				IPHONEOS_DEPLOYMENT_TARGET = 10.2;
				MTL_ENABLE_DEBUG_INFO = NO;
				SDKROOT = iphoneos;
				SWIFT_OPTIMIZATION_LEVEL = "-Owholemodule";
				VALIDATE_PRODUCT = YES;
			};
			name = Release;
		};
		BDD481D91EE24893000D5C12 /* Debug */ = {
			isa = XCBuildConfiguration;
			buildSettings = {
				ASSETCATALOG_COMPILER_APPICON_NAME = AppIcon;
				INFOPLIST_FILE = KAppStore/Info.plist;
				LD_RUNPATH_SEARCH_PATHS = "$(inherited) @executable_path/Frameworks";
				PRODUCT_BUNDLE_IDENTIFIER = com.aney00.KAppStore;
				PRODUCT_NAME = "$(TARGET_NAME)";
				SWIFT_VERSION = 3.0;
			};
			name = Debug;
		};
		BDD481DA1EE24893000D5C12 /* Release */ = {
			isa = XCBuildConfiguration;
			buildSettings = {
				ASSETCATALOG_COMPILER_APPICON_NAME = AppIcon;
				INFOPLIST_FILE = KAppStore/Info.plist;
				LD_RUNPATH_SEARCH_PATHS = "$(inherited) @executable_path/Frameworks";
				PRODUCT_BUNDLE_IDENTIFIER = com.aney00.KAppStore;
				PRODUCT_NAME = "$(TARGET_NAME)";
				SWIFT_VERSION = 3.0;
			};
			name = Release;
		};
/* End XCBuildConfiguration section */

/* Begin XCConfigurationList section */
		BDD481C11EE24893000D5C12 /* Build configuration list for PBXProject "KAppStore" */ = {
			isa = XCConfigurationList;
			buildConfigurations = (
				BDD481D61EE24893000D5C12 /* Debug */,
				BDD481D71EE24893000D5C12 /* Release */,
			);
			defaultConfigurationIsVisible = 0;
			defaultConfigurationName = Release;
		};
		BDD481D81EE24893000D5C12 /* Build configuration list for PBXNativeTarget "KAppStore" */ = {
			isa = XCConfigurationList;
			buildConfigurations = (
				BDD481D91EE24893000D5C12 /* Debug */,
				BDD481DA1EE24893000D5C12 /* Release */,
			);
			defaultConfigurationIsVisible = 0;
		};
/* End XCConfigurationList section */
	};
	rootObject = BDD481BE1EE24893000D5C12 /* Project object */;
}
