// !$*UTF8*$!
{
	archiveVersion = 1;
	classes = {
	};
	objectVersion = 46;
	objects = {

/* Begin PBXBuildFile section */
		BD0F16781EE43A8E006FDF3F /* CustomImageView.swift in Sources */ = {isa = PBXBuildFile; fileRef = BD0F16771EE43A8E006FDF3F /* CustomImageView.swift */; };
		BD0F167C1EE45439006FDF3F /* AppDetailInfo.swift in Sources */ = {isa = PBXBuildFile; fileRef = BD0F167B1EE45439006FDF3F /* AppDetailInfo.swift */; };
		BD0F167E1EE4865A006FDF3F /* screen696x696.jpeg in Resources */ = {isa = PBXBuildFile; fileRef = BD0F167D1EE4865A006FDF3F /* screen696x696.jpeg */; };
		BD0F16801EE4877F006FDF3F /* ScreenshotImageCell.swift in Sources */ = {isa = PBXBuildFile; fileRef = BD0F167F1EE4877F006FDF3F /* ScreenshotImageCell.swift */; };
		BD195CDF1EE3AE5D0013D63F /* AppDetailHeader.swift in Sources */ = {isa = PBXBuildFile; fileRef = BD195CDE1EE3AE5D0013D63F /* AppDetailHeader.swift */; };
		BD195CE21EE3C4B80013D63F /* UIColor+rgb.swift in Sources */ = {isa = PBXBuildFile; fileRef = BD195CE11EE3C4B80013D63F /* UIColor+rgb.swift */; };
		BD195CE61EE3C6DD0013D63F /* LineView.swift in Sources */ = {isa = PBXBuildFile; fileRef = BD195CE51EE3C6DD0013D63F /* LineView.swift */; };
		BD195CE81EE3C9C20013D63F /* ScreenshotsCell.swift in Sources */ = {isa = PBXBuildFile; fileRef = BD195CE71EE3C9C20013D63F /* ScreenshotsCell.swift */; };
		BD195CEB1EE3D9310013D63F /* ApiService.swift in Sources */ = {isa = PBXBuildFile; fileRef = BD195CEA1EE3D9310013D63F /* ApiService.swift */; };
		BD195CED1EE3DA060013D63F /* App.swift in Sources */ = {isa = PBXBuildFile; fileRef = BD195CEC1EE3DA060013D63F /* App.swift */; };
		BDD481F11EE2A770000D5C12 /* Assets.xcassets in Resources */ = {isa = PBXBuildFile; fileRef = BDD481E51EE2A770000D5C12 /* Assets.xcassets */; };
		BDD481F21EE2A770000D5C12 /* LaunchScreen.storyboard in Resources */ = {isa = PBXBuildFile; fileRef = BDD481E61EE2A770000D5C12 /* LaunchScreen.storyboard */; };
		BDD481F31EE2A770000D5C12 /* Main.storyboard in Resources */ = {isa = PBXBuildFile; fileRef = BDD481E81EE2A770000D5C12 /* Main.storyboard */; };
		BDD481F41EE2A770000D5C12 /* AppDelegate.swift in Sources */ = {isa = PBXBuildFile; fileRef = BDD481EB1EE2A770000D5C12 /* AppDelegate.swift */; };
		BDD481F81EE2AAB5000D5C12 /* 53x53bb-85.png in Resources */ = {isa = PBXBuildFile; fileRef = BDD481F71EE2AAB5000D5C12 /* 53x53bb-85.png */; };
		BDD482051EE3A4D9000D5C12 /* AppDetailViewController.swift in Sources */ = {isa = PBXBuildFile; fileRef = BDD482011EE3A4D9000D5C12 /* AppDetailViewController.swift */; };
		BDD482061EE3A4D9000D5C12 /* AppListViewController.swift in Sources */ = {isa = PBXBuildFile; fileRef = BDD482021EE3A4D9000D5C12 /* AppListViewController.swift */; };
		BDD482071EE3A4D9000D5C12 /* AppListTableViewCell.swift in Sources */ = {isa = PBXBuildFile; fileRef = BDD482041EE3A4D9000D5C12 /* AppListTableViewCell.swift */; };
/* End PBXBuildFile section */

/* Begin PBXFileReference section */
		BD0F16771EE43A8E006FDF3F /* CustomImageView.swift */ = {isa = PBXFileReference; fileEncoding = 4; lastKnownFileType = sourcecode.swift; path = CustomImageView.swift; sourceTree = "<group>"; };
		BD0F167B1EE45439006FDF3F /* AppDetailInfo.swift */ = {isa = PBXFileReference; fileEncoding = 4; lastKnownFileType = sourcecode.swift; path = AppDetailInfo.swift; sourceTree = "<group>"; };
		BD0F167D1EE4865A006FDF3F /* screen696x696.jpeg */ = {isa = PBXFileReference; lastKnownFileType = image.jpeg; path = screen696x696.jpeg; sourceTree = "<group>"; };
		BD0F167F1EE4877F006FDF3F /* ScreenshotImageCell.swift */ = {isa = PBXFileReference; fileEncoding = 4; lastKnownFileType = sourcecode.swift; path = ScreenshotImageCell.swift; sourceTree = "<group>"; };
		BD195CDE1EE3AE5D0013D63F /* AppDetailHeader.swift */ = {isa = PBXFileReference; fileEncoding = 4; lastKnownFileType = sourcecode.swift; path = AppDetailHeader.swift; sourceTree = "<group>"; };
		BD195CE11EE3C4B80013D63F /* UIColor+rgb.swift */ = {isa = PBXFileReference; fileEncoding = 4; lastKnownFileType = sourcecode.swift; path = "UIColor+rgb.swift"; sourceTree = "<group>"; };
		BD195CE51EE3C6DD0013D63F /* LineView.swift */ = {isa = PBXFileReference; fileEncoding = 4; lastKnownFileType = sourcecode.swift; path = LineView.swift; sourceTree = "<group>"; };
		BD195CE71EE3C9C20013D63F /* ScreenshotsCell.swift */ = {isa = PBXFileReference; fileEncoding = 4; lastKnownFileType = sourcecode.swift; path = ScreenshotsCell.swift; sourceTree = "<group>"; };
		BD195CEA1EE3D9310013D63F /* ApiService.swift */ = {isa = PBXFileReference; fileEncoding = 4; lastKnownFileType = sourcecode.swift; path = ApiService.swift; sourceTree = "<group>"; };
		BD195CEC1EE3DA060013D63F /* App.swift */ = {isa = PBXFileReference; fileEncoding = 4; lastKnownFileType = sourcecode.swift; path = App.swift; sourceTree = "<group>"; };
		BDD481C61EE24893000D5C12 /* KAppStore.app */ = {isa = PBXFileReference; explicitFileType = wrapper.application; includeInIndex = 0; path = KAppStore.app; sourceTree = BUILT_PRODUCTS_DIR; };
		BDD481E31EE2A770000D5C12 /* 1.txt */ = {isa = PBXFileReference; fileEncoding = 4; lastKnownFileType = text; path = 1.txt; sourceTree = "<group>"; };
		BDD481E41EE2A770000D5C12 /* appList.json */ = {isa = PBXFileReference; fileEncoding = 4; lastKnownFileType = text.json; path = appList.json; sourceTree = "<group>"; };
		BDD481E51EE2A770000D5C12 /* Assets.xcassets */ = {isa = PBXFileReference; lastKnownFileType = folder.assetcatalog; path = Assets.xcassets; sourceTree = "<group>"; };
		BDD481E71EE2A770000D5C12 /* Base */ = {isa = PBXFileReference; lastKnownFileType = file.storyboard; name = Base; path = Base.lproj/LaunchScreen.storyboard; sourceTree = "<group>"; };
		BDD481E91EE2A770000D5C12 /* Base */ = {isa = PBXFileReference; lastKnownFileType = file.storyboard; name = Base; path = Base.lproj/Main.storyboard; sourceTree = "<group>"; };
		BDD481EB1EE2A770000D5C12 /* AppDelegate.swift */ = {isa = PBXFileReference; fileEncoding = 4; lastKnownFileType = sourcecode.swift; path = AppDelegate.swift; sourceTree = "<group>"; };
		BDD481EE1EE2A770000D5C12 /* Info.plist */ = {isa = PBXFileReference; fileEncoding = 4; lastKnownFileType = text.plist.xml; path = Info.plist; sourceTree = "<group>"; };
		BDD481F71EE2AAB5000D5C12 /* 53x53bb-85.png */ = {isa = PBXFileReference; lastKnownFileType = image.png; path = "53x53bb-85.png"; sourceTree = "<group>"; };
		BDD482011EE3A4D9000D5C12 /* AppDetailViewController.swift */ = {isa = PBXFileReference; fileEncoding = 4; lastKnownFileType = sourcecode.swift; path = AppDetailViewController.swift; sourceTree = "<group>"; };
		BDD482021EE3A4D9000D5C12 /* AppListViewController.swift */ = {isa = PBXFileReference; fileEncoding = 4; lastKnownFileType = sourcecode.swift; path = AppListViewController.swift; sourceTree = "<group>"; };
		BDD482041EE3A4D9000D5C12 /* AppListTableViewCell.swift */ = {isa = PBXFileReference; fileEncoding = 4; lastKnownFileType = sourcecode.swift; path = AppListTableViewCell.swift; sourceTree = "<group>"; };
/* End PBXFileReference section */

/* Begin PBXFrameworksBuildPhase section */
		BDD481C31EE24893000D5C12 /* Frameworks */ = {
			isa = PBXFrameworksBuildPhase;
			buildActionMask = 2147483647;
			files = (
			);
			runOnlyForDeploymentPostprocessing = 0;
		};
/* End PBXFrameworksBuildPhase section */

/* Begin PBXGroup section */
		BD0F16761EE43A5F006FDF3F /* Extensions */ = {
			isa = PBXGroup;
			children = (
				BD0F16771EE43A8E006FDF3F /* CustomImageView.swift */,
			);
			path = Extensions;
			sourceTree = "<group>";
		};
		BD195CE01EE3C4940013D63F /* Utils */ = {
			isa = PBXGroup;
			children = (
				BD195CE11EE3C4B80013D63F /* UIColor+rgb.swift */,
				BD195CE51EE3C6DD0013D63F /* LineView.swift */,
			);
			path = Utils;
			sourceTree = "<group>";
		};
		BD195CE91EE3D9040013D63F /* Services */ = {
			isa = PBXGroup;
			children = (
				BD195CEA1EE3D9310013D63F /* ApiService.swift */,
			);
			path = Services;
			sourceTree = "<group>";
		};
		BDD481BD1EE24893000D5C12 = {
			isa = PBXGroup;
			children = (
				BDD481E11EE2A770000D5C12 /* KAppStore */,
				BDD481C71EE24893000D5C12 /* Products */,
			);
			sourceTree = "<group>";
		};
		BDD481C71EE24893000D5C12 /* Products */ = {
			isa = PBXGroup;
			children = (
				BDD481C61EE24893000D5C12 /* KAppStore.app */,
			);
			name = Products;
			sourceTree = "<group>";
		};
		BDD481E11EE2A770000D5C12 /* KAppStore */ = {
			isa = PBXGroup;
			children = (
				BDD481EA1EE2A770000D5C12 /* Sources */,
				BDD481E21EE2A770000D5C12 /* Resources */,
				BDD481ED1EE2A770000D5C12 /* Supporting Files */,
			);
			path = KAppStore;
			sourceTree = "<group>";
		};
		BDD481E21EE2A770000D5C12 /* Resources */ = {
			isa = PBXGroup;
			children = (
				BDD481E31EE2A770000D5C12 /* 1.txt */,
				BD0F167D1EE4865A006FDF3F /* screen696x696.jpeg */,
				BDD481F71EE2AAB5000D5C12 /* 53x53bb-85.png */,
				BDD481E41EE2A770000D5C12 /* appList.json */,
				BDD481E51EE2A770000D5C12 /* Assets.xcassets */,
				BDD481E61EE2A770000D5C12 /* LaunchScreen.storyboard */,
				BDD481E81EE2A770000D5C12 /* Main.storyboard */,
			);
			path = Resources;
			sourceTree = "<group>";
		};
		BDD481EA1EE2A770000D5C12 /* Sources */ = {
			isa = PBXGroup;
			children = (
				BDD481EB1EE2A770000D5C12 /* AppDelegate.swift */,
				BDD481FF1EE3A4D9000D5C12 /* Models */,
				BDD482001EE3A4D9000D5C12 /* ViewControllers */,
				BDD482031EE3A4D9000D5C12 /* Views */,
				BD195CE91EE3D9040013D63F /* Services */,
				BD195CE01EE3C4940013D63F /* Utils */,
				BD0F16761EE43A5F006FDF3F /* Extensions */,
			);
			path = Sources;
			sourceTree = "<group>";
		};
		BDD481ED1EE2A770000D5C12 /* Supporting Files */ = {
			isa = PBXGroup;
			children = (
				BDD481EE1EE2A770000D5C12 /* Info.plist */,
			);
			path = "Supporting Files";
			sourceTree = "<group>";
		};
		BDD481FF1EE3A4D9000D5C12 /* Models */ = {
			isa = PBXGroup;
			children = (
				BD195CEC1EE3DA060013D63F /* App.swift */,
				BD0F167B1EE45439006FDF3F /* AppDetailInfo.swift */,
			);
			path = Models;
			sourceTree = "<group>";
		};
		BDD482001EE3A4D9000D5C12 /* ViewControllers */ = {
			isa = PBXGroup;
			children = (
				BDD482021EE3A4D9000D5C12 /* AppListViewController.swift */,
				BDD482011EE3A4D9000D5C12 /* AppDetailViewController.swift */,
			);
			path = ViewControllers;
			sourceTree = "<group>";
		};
		BDD482031EE3A4D9000D5C12 /* Views */ = {
			isa = PBXGroup;
			children = (
				BDD482041EE3A4D9000D5C12 /* AppListTableViewCell.swift */,
				BD195CDE1EE3AE5D0013D63F /* AppDetailHeader.swift */,
				BD195CE71EE3C9C20013D63F /* ScreenshotsCell.swift */,
				BD0F167F1EE4877F006FDF3F /* ScreenshotImageCell.swift */,
			);
			path = Views;
			sourceTree = "<group>";
		};
/* End PBXGroup section */

/* Begin PBXNativeTarget section */
		BDD481C51EE24893000D5C12 /* KAppStore */ = {
			isa = PBXNativeTarget;
			buildConfigurationList = BDD481D81EE24893000D5C12 /* Build configuration list for PBXNativeTarget "KAppStore" */;
			buildPhases = (
				BDD481C21EE24893000D5C12 /* Sources */,
				BDD481C31EE24893000D5C12 /* Frameworks */,
				BDD481C41EE24893000D5C12 /* Resources */,
			);
			buildRules = (
			);
			dependencies = (
			);
			name = KAppStore;
			productName = KAppStore;
			productReference = BDD481C61EE24893000D5C12 /* KAppStore.app */;
			productType = "com.apple.product-type.application";
		};
/* End PBXNativeTarget section */

/* Begin PBXProject section */
		BDD481BE1EE24893000D5C12 /* Project object */ = {
			isa = PBXProject;
			attributes = {
				LastSwiftUpdateCheck = 0820;
				LastUpgradeCheck = 0820;
				ORGANIZATIONNAME = "Taedong Kim";
				TargetAttributes = {
					BDD481C51EE24893000D5C12 = {
						CreatedOnToolsVersion = 8.2.1;
						ProvisioningStyle = Automatic;
					};
				};
			};
			buildConfigurationList = BDD481C11EE24893000D5C12 /* Build configuration list for PBXProject "KAppStore" */;
			compatibilityVersion = "Xcode 3.2";
			developmentRegion = English;
			hasScannedForEncodings = 0;
			knownRegions = (
				en,
				Base,
			);
			mainGroup = BDD481BD1EE24893000D5C12;
			productRefGroup = BDD481C71EE24893000D5C12 /* Products */;
			projectDirPath = "";
			projectRoot = "";
			targets = (
				BDD481C51EE24893000D5C12 /* KAppStore */,
			);
		};
/* End PBXProject section */

/* Begin PBXResourcesBuildPhase section */
		BDD481C41EE24893000D5C12 /* Resources */ = {
			isa = PBXResourcesBuildPhase;
			buildActionMask = 2147483647;
			files = (
				BDD481F31EE2A770000D5C12 /* Main.storyboard in Resources */,
				BD0F167E1EE4865A006FDF3F /* screen696x696.jpeg in Resources */,
				BDD481F21EE2A770000D5C12 /* LaunchScreen.storyboard in Resources */,
				BDD481F11EE2A770000D5C12 /* Assets.xcassets in Resources */,
				BDD481F81EE2AAB5000D5C12 /* 53x53bb-85.png in Resources */,
			);
			runOnlyForDeploymentPostprocessing = 0;
		};
/* End PBXResourcesBuildPhase section */

/* Begin PBXSourcesBuildPhase section */
		BDD481C21EE24893000D5C12 /* Sources */ = {
			isa = PBXSourcesBuildPhase;
			buildActionMask = 2147483647;
			files = (
				BD195CDF1EE3AE5D0013D63F /* AppDetailHeader.swift in Sources */,
				BD195CEB1EE3D9310013D63F /* ApiService.swift in Sources */,
				BD0F167C1EE45439006FDF3F /* AppDetailInfo.swift in Sources */,
				BD0F16801EE4877F006FDF3F /* ScreenshotImageCell.swift in Sources */,
				BDD482061EE3A4D9000D5C12 /* AppListViewController.swift in Sources */,
				BD195CED1EE3DA060013D63F /* App.swift in Sources */,
				BDD482071EE3A4D9000D5C12 /* AppListTableViewCell.swift in Sources */,
				BD195CE21EE3C4B80013D63F /* UIColor+rgb.swift in Sources */,
				BDD481F41EE2A770000D5C12 /* AppDelegate.swift in Sources */,
				BD0F16781EE43A8E006FDF3F /* CustomImageView.swift in Sources */,
				BD195CE81EE3C9C20013D63F /* ScreenshotsCell.swift in Sources */,
				BD195CE61EE3C6DD0013D63F /* LineView.swift in Sources */,
				BDD482051EE3A4D9000D5C12 /* AppDetailViewController.swift in Sources */,
			);
			runOnlyForDeploymentPostprocessing = 0;
		};
/* End PBXSourcesBuildPhase section */

/* Begin PBXVariantGroup section */
		BDD481E61EE2A770000D5C12 /* LaunchScreen.storyboard */ = {
			isa = PBXVariantGroup;
			children = (
				BDD481E71EE2A770000D5C12 /* Base */,
			);
			name = LaunchScreen.storyboard;
			sourceTree = "<group>";
		};
		BDD481E81EE2A770000D5C12 /* Main.storyboard */ = {
			isa = PBXVariantGroup;
			children = (
				BDD481E91EE2A770000D5C12 /* Base */,
			);
			name = Main.storyboard;
			sourceTree = "<group>";
		};
/* End PBXVariantGroup section */

/* Begin XCBuildConfiguration section */
		BDD481D61EE24893000D5C12 /* Debug */ = {
			isa = XCBuildConfiguration;
			buildSettings = {
				ALWAYS_SEARCH_USER_PATHS = NO;
				CLANG_ANALYZER_NONNULL = YES;
				CLANG_CXX_LANGUAGE_STANDARD = "gnu++0x";
				CLANG_CXX_LIBRARY = "libc++";
				CLANG_ENABLE_MODULES = YES;
				CLANG_ENABLE_OBJC_ARC = YES;
				CLANG_WARN_BOOL_CONVERSION = YES;
				CLANG_WARN_CONSTANT_CONVERSION = YES;
				CLANG_WARN_DIRECT_OBJC_ISA_USAGE = YES_ERROR;
				CLANG_WARN_DOCUMENTATION_COMMENTS = YES;
				CLANG_WARN_EMPTY_BODY = YES;
				CLANG_WARN_ENUM_CONVERSION = YES;
				CLANG_WARN_INFINITE_RECURSION = YES;
				CLANG_WARN_INT_CONVERSION = YES;
				CLANG_WARN_OBJC_ROOT_CLASS = YES_ERROR;
				CLANG_WARN_SUSPICIOUS_MOVE = YES;
				CLANG_WARN_UNREACHABLE_CODE = YES;
				CLANG_WARN__DUPLICATE_METHOD_MATCH = YES;
				"CODE_SIGN_IDENTITY[sdk=iphoneos*]" = "iPhone Developer";
				COPY_PHASE_STRIP = NO;
				DEBUG_INFORMATION_FORMAT = dwarf;
				ENABLE_STRICT_OBJC_MSGSEND = YES;
				ENABLE_TESTABILITY = YES;
				GCC_C_LANGUAGE_STANDARD = gnu99;
				GCC_DYNAMIC_NO_PIC = NO;
				GCC_NO_COMMON_BLOCKS = YES;
				GCC_OPTIMIZATION_LEVEL = 0;
				GCC_PREPROCESSOR_DEFINITIONS = (
					"DEBUG=1",
					"$(inherited)",
				);
				GCC_WARN_64_TO_32_BIT_CONVERSION = YES;
				GCC_WARN_ABOUT_RETURN_TYPE = YES_ERROR;
				GCC_WARN_UNDECLARED_SELECTOR = YES;
				GCC_WARN_UNINITIALIZED_AUTOS = YES_AGGRESSIVE;
				GCC_WARN_UNUSED_FUNCTION = YES;
				GCC_WARN_UNUSED_VARIABLE = YES;
				IPHONEOS_DEPLOYMENT_TARGET = 10.2;
				MTL_ENABLE_DEBUG_INFO = YES;
				ONLY_ACTIVE_ARCH = YES;
				SDKROOT = iphoneos;
				SWIFT_ACTIVE_COMPILATION_CONDITIONS = DEBUG;
				SWIFT_OPTIMIZATION_LEVEL = "-Onone";
			};
			name = Debug;
		};
		BDD481D71EE24893000D5C12 /* Release */ = {
			isa = XCBuildConfiguration;
			buildSettings = {
				ALWAYS_SEARCH_USER_PATHS = NO;
				CLANG_ANALYZER_NONNULL = YES;
				CLANG_CXX_LANGUAGE_STANDARD = "gnu++0x";
				CLANG_CXX_LIBRARY = "libc++";
				CLANG_ENABLE_MODULES = YES;
				CLANG_ENABLE_OBJC_ARC = YES;
				CLANG_WARN_BOOL_CONVERSION = YES;
				CLANG_WARN_CONSTANT_CONVERSION = YES;
				CLANG_WARN_DIRECT_OBJC_ISA_USAGE = YES_ERROR;
				CLANG_WARN_DOCUMENTATION_COMMENTS = YES;
				CLANG_WARN_EMPTY_BODY = YES;
				CLANG_WARN_ENUM_CONVERSION = YES;
				CLANG_WARN_INFINITE_RECURSION = YES;
				CLANG_WARN_INT_CONVERSION = YES;
				CLANG_WARN_OBJC_ROOT_CLASS = YES_ERROR;
				CLANG_WARN_SUSPICIOUS_MOVE = YES;
				CLANG_WARN_UNREACHABLE_CODE = YES;
				CLANG_WARN__DUPLICATE_METHOD_MATCH = YES;
				"CODE_SIGN_IDENTITY[sdk=iphoneos*]" = "iPhone Developer";
				COPY_PHASE_STRIP = NO;
				DEBUG_INFORMATION_FORMAT = "dwarf-with-dsym";
				ENABLE_NS_ASSERTIONS = NO;
				ENABLE_STRICT_OBJC_MSGSEND = YES;
				GCC_C_LANGUAGE_STANDARD = gnu99;
				GCC_NO_COMMON_BLOCKS = YES;
				GCC_WARN_64_TO_32_BIT_CONVERSION = YES;
				GCC_WARN_ABOUT_RETURN_TYPE = YES_ERROR;
				GCC_WARN_UNDECLARED_SELECTOR = YES;
				GCC_WARN_UNINITIALIZED_AUTOS = YES_AGGRESSIVE;
				GCC_WARN_UNUSED_FUNCTION = YES;
				GCC_WARN_UNUSED_VARIABLE = YES;
				IPHONEOS_DEPLOYMENT_TARGET = 10.2;
				MTL_ENABLE_DEBUG_INFO = NO;
				SDKROOT = iphoneos;
				SWIFT_OPTIMIZATION_LEVEL = "-Owholemodule";
				VALIDATE_PRODUCT = YES;
			};
			name = Release;
		};
		BDD481D91EE24893000D5C12 /* Debug */ = {
			isa = XCBuildConfiguration;
			buildSettings = {
				ASSETCATALOG_COMPILER_APPICON_NAME = AppIcon;
				INFOPLIST_FILE = "$(SRCROOT)/KAppStore/Supporting Files/Info.plist";
				LD_RUNPATH_SEARCH_PATHS = "$(inherited) @executable_path/Frameworks";
				PRODUCT_BUNDLE_IDENTIFIER = com.aney00.KAppStore;
				PRODUCT_NAME = "$(TARGET_NAME)";
				SWIFT_VERSION = 3.0;
			};
			name = Debug;
		};
		BDD481DA1EE24893000D5C12 /* Release */ = {
			isa = XCBuildConfiguration;
			buildSettings = {
				ASSETCATALOG_COMPILER_APPICON_NAME = AppIcon;
				INFOPLIST_FILE = "$(SRCROOT)/KAppStore/Supporting Files/Info.plist";
				LD_RUNPATH_SEARCH_PATHS = "$(inherited) @executable_path/Frameworks";
				PRODUCT_BUNDLE_IDENTIFIER = com.aney00.KAppStore;
				PRODUCT_NAME = "$(TARGET_NAME)";
				SWIFT_VERSION = 3.0;
			};
			name = Release;
		};
/* End XCBuildConfiguration section */

/* Begin XCConfigurationList section */
		BDD481C11EE24893000D5C12 /* Build configuration list for PBXProject "KAppStore" */ = {
			isa = XCConfigurationList;
			buildConfigurations = (
				BDD481D61EE24893000D5C12 /* Debug */,
				BDD481D71EE24893000D5C12 /* Release */,
			);
			defaultConfigurationIsVisible = 0;
			defaultConfigurationName = Release;
		};
		BDD481D81EE24893000D5C12 /* Build configuration list for PBXNativeTarget "KAppStore" */ = {
			isa = XCConfigurationList;
			buildConfigurations = (
				BDD481D91EE24893000D5C12 /* Debug */,
				BDD481DA1EE24893000D5C12 /* Release */,
			);
			defaultConfigurationIsVisible = 0;
			defaultConfigurationName = Release;
		};
/* End XCConfigurationList section */
	};
	rootObject = BDD481BE1EE24893000D5C12 /* Project object */;
}
